{
  "name": "ai-session-hub",
  "version": "0.3.0",
  "lockfileVersion": 3,
  "requires": true,
  "packages": {
    "": {
      "name": "ai-session-hub",
      "version": "0.3.0",
      "license": "MIT",
      "dependencies": {
        "@xterm/headless": "^6.0.0",
        "node-pty": "^1.1.0",
        "tui-panes": "github:Zzz210s/tui-panes"
      },
      "bin": {
        "ais": "src/cli.ts"
      },
      "engines": {
        "node": ">=24"
      },
      "optionalDependencies": {
        "tui-panes": "github:Zzz210s/tui-panes"
      }
    },
    "node_modules/@xterm/headless": {
      "version": "6.0.0",
      "license": "MIT",
      "workspaces": [
        "addons/*"
      ]
    },
    "node_modules/node-addon-api": {
      "version": "7.1.1",
      "license": "MIT"
    },
    "node_modules/node-pty": {
      "version": "1.1.0",
      "hasInstallScript": true,
      "license": "MIT",
      "dependencies": {
        "node-addon-api": "^7.1.0"
      }
    },
    "node_modules/tui-panes": {
      "version": "0.1.0",
      "resolved": "git+ssh://git@github.com/Zzz210s/tui-panes.git#6b5ac1394d4e7839cf2af0a6f27d1963bd08fa4f",
      "license": "MIT",
      "optional": true,
      "dependencies": {
        "@xterm/headless": "^6.0.0",
        "node-pty": "^1.1.0"
      },
      "engines": {
        "node": ">=24"
      }
    }
  }
}
